// !$*UTF8*$!
{
	archiveVersion = 1;
	classes = {
	};
	objectVersion = 77;
	objects = {

/* Begin PBXContainerItemProxy section */
		61A86C992DBBE76D00A5317B /* PBXContainerItemProxy */ = {
			isa = PBXContainerItemProxy;
			containerPortal = 61A86C822DBBE76B00A5317B /* Project object */;
			proxyType = 1;
			remoteGlobalIDString = 61A86C892DBBE76B00A5317B;
			remoteInfo = NotchThingy;
		};
		61A86CA32DBBE76D00A5317B /* PBXContainerItemProxy */ = {
			isa = PBXContainerItemProxy;
			containerPortal = 61A86C822DBBE76B00A5317B /* Project object */;
			proxyType = 1;
			remoteGlobalIDString = 61A86C892DBBE76B00A5317B;
			remoteInfo = NotchThingy;
		};
/* End PBXContainerItemProxy section */

/* Begin PBXFileReference section */
		61A86C8A2DBBE76B00A5317B /* NotchThingy.app */ = {isa = PBXFileReference; explicitFileType = wrapper.application; includeInIndex = 0; path = NotchThingy.app; sourceTree = BUILT_PRODUCTS_DIR; };
		61A86C982DBBE76D00A5317B /* NotchThingyTests.xctest */ = {isa = PBXFileReference; explicitFileType = wrapper.cfbundle; includeInIndex = 0; path = NotchThingyTests.xctest; sourceTree = BUILT_PRODUCTS_DIR; };
		61A86CA22DBBE76D00A5317B /* NotchThingyUITests.xctest */ = {isa = PBXFileReference; explicitFileType = wrapper.cfbundle; includeInIndex = 0; path = NotchThingyUITests.xctest; sourceTree = BUILT_PRODUCTS_DIR; };
/* End PBXFileReference section */

/* Begin PBXFileSystemSynchronizedRootGroup section */
		61A86C8C2DBBE76B00A5317B /* NotchThingy */ = {
			isa = PBXFileSystemSynchronizedRootGroup;
			path = NotchThingy;
			sourceTree = "<group>";
		};
		61A86C9B2DBBE76D00A5317B /* NotchThingyTests */ = {
			isa = PBXFileSystemSynchronizedRootGroup;
			path = NotchThingyTests;
			sourceTree = "<group>";
		};
		61A86CA52DBBE76D00A5317B /* NotchThingyUITests */ = {
			isa = PBXFileSystemSynchronizedRootGroup;
			path = NotchThingyUITests;
			sourceTree = "<group>";
		};
/* End PBXFileSystemSynchronizedRootGroup section */

/* Begin PBXFrameworksBuildPhase section */
		61A86C872DBBE76B00A5317B /* Frameworks */ = {
			isa = PBXFrameworksBuildPhase;
			buildActionMask = 2147483647;
			files = (
			);
			runOnlyForDeploymentPostprocessing = 0;
		};
		61A86C952DBBE76D00A5317B /* Frameworks */ = {
			isa = PBXFrameworksBuildPhase;
			buildActionMask = 2147483647;
			files = (
			);
			runOnlyForDeploymentPostprocessing = 0;
		};
		61A86C9F2DBBE76D00A5317B /* Frameworks */ = {
			isa = PBXFrameworksBuildPhase;
			buildActionMask = 2147483647;
			files = (
			);
			runOnlyForDeploymentPostprocessing = 0;
		};
/* End PBXFrameworksBuildPhase section */

/* Begin PBXGroup section */
		61A86C812DBBE76B00A5317B = {
			isa = PBXGroup;
			children = (
				61A86C8C2DBBE76B00A5317B /* NotchThingy */,
				61A86C9B2DBBE76D00A5317B /* NotchThingyTests */,
				61A86CA52DBBE76D00A5317B /* NotchThingyUITests */,
				61A86C8B2DBBE76B00A5317B /* Products */,
			);
			sourceTree = "<group>";
		};
		61A86C8B2DBBE76B00A5317B /* Products */ = {
			isa = PBXGroup;
			children = (
				61A86C8A2DBBE76B00A5317B /* NotchThingy.app */,
				61A86C982DBBE76D00A5317B /* NotchThingyTests.xctest */,
				61A86CA22DBBE76D00A5317B /* NotchThingyUITests.xctest */,
			);
			name = Products;
			sourceTree = "<group>";
		};
/* End PBXGroup section */

/* Begin PBXNativeTarget section */
		61A86C892DBBE76B00A5317B /* NotchThingy */ = {
			isa = PBXNativeTarget;
			buildConfigurationList = 61A86CAC2DBBE76D00A5317B /* Build configuration list for PBXNativeTarget "NotchThingy" */;
			buildPhases = (
				61A86C862DBBE76B00A5317B /* Sources */,
				61A86C872DBBE76B00A5317B /* Frameworks */,
				61A86C882DBBE76B00A5317B /* Resources */,
			);
			buildRules = (
			);
			dependencies = (
			);
			fileSystemSynchronizedGroups = (
				61A86C8C2DBBE76B00A5317B /* NotchThingy */,
			);
			name = NotchThingy;
			packageProductDependencies = (
			);
			productName = NotchThingy;
			productReference = 61A86C8A2DBBE76B00A5317B /* NotchThingy.app */;
			productType = "com.apple.product-type.application";
		};
		61A86C972DBBE76D00A5317B /* NotchThingyTests */ = {
			isa = PBXNativeTarget;
			buildConfigurationList = 61A86CAF2DBBE76D00A5317B /* Build configuration list for PBXNativeTarget "NotchThingyTests" */;
			buildPhases = (
				61A86C942DBBE76D00A5317B /* Sources */,
				61A86C952DBBE76D00A5317B /* Frameworks */,
				61A86C962DBBE76D00A5317B /* Resources */,
			);
			buildRules = (
			);
			dependencies = (
				61A86C9A2DBBE76D00A5317B /* PBXTargetDependency */,
			);
			fileSystemSynchronizedGroups = (
				61A86C9B2DBBE76D00A5317B /* NotchThingyTests */,
			);
			name = NotchThingyTests;
			packageProductDependencies = (
			);
			productName = NotchThingyTests;
			productReference = 61A86C982DBBE76D00A5317B /* NotchThingyTests.xctest */;
			productType = "com.apple.product-type.bundle.unit-test";
		};
		61A86CA12DBBE76D00A5317B /* NotchThingyUITests */ = {
			isa = PBXNativeTarget;
			buildConfigurationList = 61A86CB22DBBE76D00A5317B /* Build configuration list for PBXNativeTarget "NotchThingyUITests" */;
			buildPhases = (
				61A86C9E2DBBE76D00A5317B /* Sources */,
				61A86C9F2DBBE76D00A5317B /* Frameworks */,
				61A86CA02DBBE76D00A5317B /* Resources */,
			);
			buildRules = (
			);
			dependencies = (
				61A86CA42DBBE76D00A5317B /* PBXTargetDependency */,
			);
			fileSystemSynchronizedGroups = (
				61A86CA52DBBE76D00A5317B /* NotchThingyUITests */,
			);
			name = NotchThingyUITests;
			packageProductDependencies = (
			);
			productName = NotchThingyUITests;
			productReference = 61A86CA22DBBE76D00A5317B /* NotchThingyUITests.xctest */;
			productType = "com.apple.product-type.bundle.ui-testing";
		};
/* End PBXNativeTarget section */

/* Begin PBXProject section */
		61A86C822DBBE76B00A5317B /* Project object */ = {
			isa = PBXProject;
			attributes = {
				BuildIndependentTargetsInParallel = 1;
				LastSwiftUpdateCheck = 1630;
				LastUpgradeCheck = 1630;
				TargetAttributes = {
					61A86C892DBBE76B00A5317B = {
						CreatedOnToolsVersion = 16.3;
					};
					61A86C972DBBE76D00A5317B = {
						CreatedOnToolsVersion = 16.3;
						TestTargetID = 61A86C892DBBE76B00A5317B;
					};
					61A86CA12DBBE76D00A5317B = {
						CreatedOnToolsVersion = 16.3;
						TestTargetID = 61A86C892DBBE76B00A5317B;
					};
				};
			};
			buildConfigurationList = 61A86C852DBBE76B00A5317B /* Build configuration list for PBXProject "NotchThingy" */;
			developmentRegion = en;
			hasScannedForEncodings = 0;
			knownRegions = (
				en,
				Base,
			);
			mainGroup = 61A86C812DBBE76B00A5317B;
			minimizedProjectReferenceProxies = 1;
			preferredProjectObjectVersion = 77;
			productRefGroup = 61A86C8B2DBBE76B00A5317B /* Products */;
			projectDirPath = "";
			projectRoot = "";
			targets = (
				61A86C892DBBE76B00A5317B /* NotchThingy */,
				61A86C972DBBE76D00A5317B /* NotchThingyTests */,
				61A86CA12DBBE76D00A5317B /* NotchThingyUITests */,
			);
		};
/* End PBXProject section */

/* Begin PBXResourcesBuildPhase section */
		61A86C882DBBE76B00A5317B /* Resources */ = {
			isa = PBXResourcesBuildPhase;
			buildActionMask = 2147483647;
			files = (
			);
			runOnlyForDeploymentPostprocessing = 0;
		};
		61A86C962DBBE76D00A5317B /* Resources */ = {
			isa = PBXResourcesBuildPhase;
			buildActionMask = 2147483647;
			files = (
			);
			runOnlyForDeploymentPostprocessing = 0;
		};
		61A86CA02DBBE76D00A5317B /* Resources */ = {
			isa = PBXResourcesBuildPhase;
			buildActionMask = 2147483647;
			files = (
			);
			runOnlyForDeploymentPostprocessing = 0;
		};
/* End PBXResourcesBuildPhase section */

/* Begin PBXSourcesBuildPhase section */
		61A86C862DBBE76B00A5317B /* Sources */ = {
			isa = PBXSourcesBuildPhase;
			buildActionMask = 2147483647;
			files = (
			);
			runOnlyForDeploymentPostprocessing = 0;
		};
		61A86C942DBBE76D00A5317B /* Sources */ = {
			isa = PBXSourcesBuildPhase;
			buildActionMask = 2147483647;
			files = (
			);
			runOnlyForDeploymentPostprocessing = 0;
		};
		61A86C9E2DBBE76D00A5317B /* Sources */ = {
			isa = PBXSourcesBuildPhase;
			buildActionMask = 2147483647;
			files = (
			);
			runOnlyForDeploymentPostprocessing = 0;
		};
/* End PBXSourcesBuildPhase section */

/* Begin PBXTargetDependency section */
		61A86C9A2DBBE76D00A5317B /* PBXTargetDependency */ = {
			isa = PBXTargetDependency;
			target = 61A86C892DBBE76B00A5317B /* NotchThingy */;
			targetProxy = 61A86C992DBBE76D00A5317B /* PBXContainerItemProxy */;
		};
		61A86CA42DBBE76D00A5317B /* PBXTargetDependency */ = {
			isa = PBXTargetDependency;
			target = 61A86C892DBBE76B00A5317B /* NotchThingy */;
			targetProxy = 61A86CA32DBBE76D00A5317B /* PBXContainerItemProxy */;
		};
/* End PBXTargetDependency section */

/* Begin XCBuildConfiguration section */
		61A86CAA2DBBE76D00A5317B /* Debug */ = {
			isa = XCBuildConfiguration;
			buildSettings = {
				ALWAYS_SEARCH_USER_PATHS = NO;
				ASSETCATALOG_COMPILER_GENERATE_SWIFT_ASSET_SYMBOL_EXTENSIONS = YES;
				CLANG_ANALYZER_NONNULL = YES;
				CLANG_ANALYZER_NUMBER_OBJECT_CONVERSION = YES_AGGRESSIVE;
				CLANG_CXX_LANGUAGE_STANDARD = "gnu++20";
				CLANG_ENABLE_MODULES = YES;
				CLANG_ENABLE_OBJC_ARC = YES;
				CLANG_ENABLE_OBJC_WEAK = YES;
				CLANG_WARN_BLOCK_CAPTURE_AUTORELEASING = YES;
				CLANG_WARN_BOOL_CONVERSION = YES;
				CLANG_WARN_COMMA = YES;
				CLANG_WARN_CONSTANT_CONVERSION = YES;
				CLANG_WARN_DEPRECATED_OBJC_IMPLEMENTATIONS = YES;
				CLANG_WARN_DIRECT_OBJC_ISA_USAGE = YES_ERROR;
				CLANG_WARN_DOCUMENTATION_COMMENTS = YES;
				CLANG_WARN_EMPTY_BODY = YES;
				CLANG_WARN_ENUM_CONVERSION = YES;
				CLANG_WARN_INFINITE_RECURSION = YES;
				CLANG_WARN_INT_CONVERSION = YES;
				CLANG_WARN_NON_LITERAL_NULL_CONVERSION = YES;
				CLANG_WARN_OBJC_IMPLICIT_RETAIN_SELF = YES;
				CLANG_WARN_OBJC_LITERAL_CONVERSION = YES;
				CLANG_WARN_OBJC_ROOT_CLASS = YES_ERROR;
				CLANG_WARN_QUOTED_INCLUDE_IN_FRAMEWORK_HEADER = YES;
				CLANG_WARN_RANGE_LOOP_ANALYSIS = YES;
				CLANG_WARN_STRICT_PROTOTYPES = YES;
				CLANG_WARN_SUSPICIOUS_MOVE = YES;
				CLANG_WARN_UNGUARDED_AVAILABILITY = YES_AGGRESSIVE;
				CLANG_WARN_UNREACHABLE_CODE = YES;
				CLANG_WARN__DUPLICATE_METHOD_MATCH = YES;
				COPY_PHASE_STRIP = NO;
				DEBUG_INFORMATION_FORMAT = dwarf;
				DEVELOPMENT_TEAM = 6487BG78YY;
				ENABLE_STRICT_OBJC_MSGSEND = YES;
				ENABLE_TESTABILITY = YES;
				ENABLE_USER_SCRIPT_SANDBOXING = YES;
				GCC_C_LANGUAGE_STANDARD = gnu17;
				GCC_DYNAMIC_NO_PIC = NO;
				GCC_NO_COMMON_BLOCKS = YES;
				GCC_OPTIMIZATION_LEVEL = 0;
				GCC_PREPROCESSOR_DEFINITIONS = (
					"DEBUG=1",
					"$(inherited)",
				);
				GCC_WARN_64_TO_32_BIT_CONVERSION = YES;
				GCC_WARN_ABOUT_RETURN_TYPE = YES_ERROR;
				GCC_WARN_UNDECLARED_SELECTOR = YES;
				GCC_WARN_UNINITIALIZED_AUTOS = YES_AGGRESSIVE;
				GCC_WARN_UNUSED_FUNCTION = YES;
				GCC_WARN_UNUSED_VARIABLE = YES;
				LOCALIZATION_PREFERS_STRING_CATALOGS = YES;
				MACOSX_DEPLOYMENT_TARGET = 15.4;
				MTL_ENABLE_DEBUG_INFO = INCLUDE_SOURCE;
				MTL_FAST_MATH = YES;
				ONLY_ACTIVE_ARCH = YES;
				SDKROOT = macosx;
				SWIFT_ACTIVE_COMPILATION_CONDITIONS = "DEBUG $(inherited)";
				SWIFT_OPTIMIZATION_LEVEL = "-Onone";
			};
			name = Debug;
		};
		61A86CAB2DBBE76D00A5317B /* Release */ = {
			isa = XCBuildConfiguration;
			buildSettings = {
				ALWAYS_SEARCH_USER_PATHS = NO;
				ASSETCATALOG_COMPILER_GENERATE_SWIFT_ASSET_SYMBOL_EXTENSIONS = YES;
				CLANG_ANALYZER_NONNULL = YES;
				CLANG_ANALYZER_NUMBER_OBJECT_CONVERSION = YES_AGGRESSIVE;
				CLANG_CXX_LANGUAGE_STANDARD = "gnu++20";
				CLANG_ENABLE_MODULES = YES;
				CLANG_ENABLE_OBJC_ARC = YES;
				CLANG_ENABLE_OBJC_WEAK = YES;
				CLANG_WARN_BLOCK_CAPTURE_AUTORELEASING = YES;
				CLANG_WARN_BOOL_CONVERSION = YES;
				CLANG_WARN_COMMA = YES;
				CLANG_WARN_CONSTANT_CONVERSION = YES;
				CLANG_WARN_DEPRECATED_OBJC_IMPLEMENTATIONS = YES;
				CLANG_WARN_DIRECT_OBJC_ISA_USAGE = YES_ERROR;
				CLANG_WARN_DOCUMENTATION_COMMENTS = YES;
				CLANG_WARN_EMPTY_BODY = YES;
				CLANG_WARN_ENUM_CONVERSION = YES;
				CLANG_WARN_INFINITE_RECURSION = YES;
				CLANG_WARN_INT_CONVERSION = YES;
				CLANG_WARN_NON_LITERAL_NULL_CONVERSION = YES;
				CLANG_WARN_OBJC_IMPLICIT_RETAIN_SELF = YES;
				CLANG_WARN_OBJC_LITERAL_CONVERSION = YES;
				CLANG_WARN_OBJC_ROOT_CLASS = YES_ERROR;
				CLANG_WARN_QUOTED_INCLUDE_IN_FRAMEWORK_HEADER = YES;
				CLANG_WARN_RANGE_LOOP_ANALYSIS = YES;
				CLANG_WARN_STRICT_PROTOTYPES = YES;
				CLANG_WARN_SUSPICIOUS_MOVE = YES;
				CLANG_WARN_UNGUARDED_AVAILABILITY = YES_AGGRESSIVE;
				CLANG_WARN_UNREACHABLE_CODE = YES;
				CLANG_WARN__DUPLICATE_METHOD_MATCH = YES;
				COPY_PHASE_STRIP = NO;
				DEBUG_INFORMATION_FORMAT = "dwarf-with-dsym";
				DEVELOPMENT_TEAM = 6487BG78YY;
				ENABLE_NS_ASSERTIONS = NO;
				ENABLE_STRICT_OBJC_MSGSEND = YES;
				ENABLE_USER_SCRIPT_SANDBOXING = YES;
				GCC_C_LANGUAGE_STANDARD = gnu17;
				GCC_NO_COMMON_BLOCKS = YES;
				GCC_WARN_64_TO_32_BIT_CONVERSION = YES;
				GCC_WARN_ABOUT_RETURN_TYPE = YES_ERROR;
				GCC_WARN_UNDECLARED_SELECTOR = YES;
				GCC_WARN_UNINITIALIZED_AUTOS = YES_AGGRESSIVE;
				GCC_WARN_UNUSED_FUNCTION = YES;
				GCC_WARN_UNUSED_VARIABLE = YES;
				LOCALIZATION_PREFERS_STRING_CATALOGS = YES;
				MACOSX_DEPLOYMENT_TARGET = 15.4;
				MTL_ENABLE_DEBUG_INFO = NO;
				MTL_FAST_MATH = YES;
				SDKROOT = macosx;
				SWIFT_COMPILATION_MODE = wholemodule;
			};
			name = Release;
		};
		61A86CAD2DBBE76D00A5317B /* Debug */ = {
			isa = XCBuildConfiguration;
			buildSettings = {
				ASSETCATALOG_COMPILER_APPICON_NAME = AppIcon;
				ASSETCATALOG_COMPILER_GLOBAL_ACCENT_COLOR_NAME = AccentColor;
				CODE_SIGN_ENTITLEMENTS = NotchThingy/NotchThingy.entitlements;
				"CODE_SIGN_IDENTITY[sdk=macosx*]" = "Apple Development";
				CODE_SIGN_STYLE = Automatic;
				COMBINE_HIDPI_IMAGES = YES;
				CURRENT_PROJECT_VERSION = 1;
				DEVELOPMENT_TEAM = 6487BG78YY;
				ENABLE_HARDENED_RUNTIME = YES;
				ENABLE_PREVIEWS = YES;
				GENERATE_INFOPLIST_FILE = YES;
				INFOPLIST_FILE = NotchThingy/Info.plist;
				INFOPLIST_KEY_NSHumanReadableCopyright = "";
				INFOPLIST_KEY_NSRemindersUsageDescription = "This app shows your Reminders at the notch.";
				LD_RUNPATH_SEARCH_PATHS = (
					"$(inherited)",
					"@executable_path/../Frameworks",
				);
				MARKETING_VERSION = 1.0;
				PRODUCT_BUNDLE_IDENTIFIER = "Mare-.NotchThingy";
				PRODUCT_NAME = "$(TARGET_NAME)";
				REGISTER_APP_GROUPS = YES;
				SWIFT_EMIT_LOC_STRINGS = YES;
				SWIFT_VERSION = 5.0;
			};
			name = Debug;
		};
		61A86CAE2DBBE76D00A5317B /* Release */ = {
			isa = XCBuildConfiguration;
			buildSettings = {
				ASSETCATALOG_COMPILER_APPICON_NAME = AppIcon;
				ASSETCATALOG_COMPILER_GLOBAL_ACCENT_COLOR_NAME = AccentColor;
				CODE_SIGN_ENTITLEMENTS = NotchThingy/NotchThingy.entitlements;
				"CODE_SIGN_IDENTITY[sdk=macosx*]" = "Apple Development";
				CODE_SIGN_STYLE = Automatic;
				COMBINE_HIDPI_IMAGES = YES;
				CURRENT_PROJECT_VERSION = 1;
				DEVELOPMENT_TEAM = 6487BG78YY;
				ENABLE_HARDENED_RUNTIME = YES;
				ENABLE_PREVIEWS = YES;
				GENERATE_INFOPLIST_FILE = YES;
				INFOPLIST_FILE = NotchThingy/Info.plist;
				INFOPLIST_KEY_NSHumanReadableCopyright = "";
				INFOPLIST_KEY_NSRemindersUsageDescription = "This app shows your Reminders at the notch.";
				LD_RUNPATH_SEARCH_PATHS = (
					"$(inherited)",
					"@executable_path/../Frameworks",
				);
				MARKETING_VERSION = 1.0;
				PRODUCT_BUNDLE_IDENTIFIER = "Mare-.NotchThingy";
				PRODUCT_NAME = "$(TARGET_NAME)";
				REGISTER_APP_GROUPS = YES;
				SWIFT_EMIT_LOC_STRINGS = YES;
				SWIFT_VERSION = 5.0;
			};
			name = Release;
		};
		61A86CB02DBBE76D00A5317B /* Debug */ = {
			isa = XCBuildConfiguration;
			buildSettings = {
				BUNDLE_LOADER = "$(TEST_HOST)";
				CODE_SIGN_STYLE = Automatic;
				CURRENT_PROJECT_VERSION = 1;
				DEVELOPMENT_TEAM = 6487BG78YY;
				GENERATE_INFOPLIST_FILE = YES;
				MACOSX_DEPLOYMENT_TARGET = 15.4;
				MARKETING_VERSION = 1.0;
				PRODUCT_BUNDLE_IDENTIFIER = "Mare-.NotchThingyTests";
				PRODUCT_NAME = "$(TARGET_NAME)";
				SWIFT_EMIT_LOC_STRINGS = NO;
				SWIFT_VERSION = 5.0;
				TEST_HOST = "$(BUILT_PRODUCTS_DIR)/NotchThingy.app/$(BUNDLE_EXECUTABLE_FOLDER_PATH)/NotchThingy";
			};
			name = Debug;
		};
		61A86CB12DBBE76D00A5317B /* Release */ = {
			isa = XCBuildConfiguration;
			buildSettings = {
				BUNDLE_LOADER = "$(TEST_HOST)";
				CODE_SIGN_STYLE = Automatic;
				CURRENT_PROJECT_VERSION = 1;
				DEVELOPMENT_TEAM = 6487BG78YY;
				GENERATE_INFOPLIST_FILE = YES;
				MACOSX_DEPLOYMENT_TARGET = 15.4;
				MARKETING_VERSION = 1.0;
				PRODUCT_BUNDLE_IDENTIFIER = "Mare-.NotchThingyTests";
				PRODUCT_NAME = "$(TARGET_NAME)";
				SWIFT_EMIT_LOC_STRINGS = NO;
				SWIFT_VERSION = 5.0;
				TEST_HOST = "$(BUILT_PRODUCTS_DIR)/NotchThingy.app/$(BUNDLE_EXECUTABLE_FOLDER_PATH)/NotchThingy";
			};
			name = Release;
		};
		61A86CB32DBBE76D00A5317B /* Debug */ = {
			isa = XCBuildConfiguration;
			buildSettings = {
				CODE_SIGN_STYLE = Automatic;
				CURRENT_PROJECT_VERSION = 1;
				DEVELOPMENT_TEAM = 6487BG78YY;
				GENERATE_INFOPLIST_FILE = YES;
				MARKETING_VERSION = 1.0;
				PRODUCT_BUNDLE_IDENTIFIER = "Mare-.NotchThingyUITests";
				PRODUCT_NAME = "$(TARGET_NAME)";
				SWIFT_EMIT_LOC_STRINGS = NO;
				SWIFT_VERSION = 5.0;
				TEST_TARGET_NAME = NotchThingy;
			};
			name = Debug;
		};
		61A86CB42DBBE76D00A5317B /* Release */ = {
			isa = XCBuildConfiguration;
			buildSettings = {
				CODE_SIGN_STYLE = Automatic;
				CURRENT_PROJECT_VERSION = 1;
				DEVELOPMENT_TEAM = 6487BG78YY;
				GENERATE_INFOPLIST_FILE = YES;
				MARKETING_VERSION = 1.0;
				PRODUCT_BUNDLE_IDENTIFIER = "Mare-.NotchThingyUITests";
				PRODUCT_NAME = "$(TARGET_NAME)";
				SWIFT_EMIT_LOC_STRINGS = NO;
				SWIFT_VERSION = 5.0;
				TEST_TARGET_NAME = NotchThingy;
			};
			name = Release;
		};
/* End XCBuildConfiguration section */

/* Begin XCConfigurationList section */
		61A86C852DBBE76B00A5317B /* Build configuration list for PBXProject "NotchThingy" */ = {
			isa = XCConfigurationList;
			buildConfigurations = (
				61A86CAA2DBBE76D00A5317B /* Debug */,
				61A86CAB2DBBE76D00A5317B /* Release */,
			);
			defaultConfigurationIsVisible = 0;
			defaultConfigurationName = Release;
		};
		61A86CAC2DBBE76D00A5317B /* Build configuration list for PBXNativeTarget "NotchThingy" */ = {
			isa = XCConfigurationList;
			buildConfigurations = (
				61A86CAD2DBBE76D00A5317B /* Debug */,
				61A86CAE2DBBE76D00A5317B /* Release */,
			);
			defaultConfigurationIsVisible = 0;
			defaultConfigurationName = Release;
		};
		61A86CAF2DBBE76D00A5317B /* Build configuration list for PBXNativeTarget "NotchThingyTests" */ = {
			isa = XCConfigurationList;
			buildConfigurations = (
				61A86CB02DBBE76D00A5317B /* Debug */,
				61A86CB12DBBE76D00A5317B /* Release */,
			);
			defaultConfigurationIsVisible = 0;
			defaultConfigurationName = Release;
		};
		61A86CB22DBBE76D00A5317B /* Build configuration list for PBXNativeTarget "NotchThingyUITests" */ = {
			isa = XCConfigurationList;
			buildConfigurations = (
				61A86CB32DBBE76D00A5317B /* Debug */,
				61A86CB42DBBE76D00A5317B /* Release */,
			);
			defaultConfigurationIsVisible = 0;
			defaultConfigurationName = Release;
		};
/* End XCConfigurationList section */
	};
	rootObject = 61A86C822DBBE76B00A5317B /* Project object */;
}
